
Microsoft Visual Studio Solution File, Format Version 12.00
# Visual Studio Version 17
VisualStudioVersion = 17.14.36518.9 d17.14
MinimumVisualStudioVersion = 10.0.40219.1
Project("{FAE04EC0-301F-11D3-BF4B-00C04F79EFBC}") = "PodcastUtilities.AndroidLogic", "PodcastUtilities.AndroidLogic\PodcastUtilities.AndroidLogic.csproj", "{6FC1878F-E74A-4136-BBC1-8DB0BA513309}"
EndProject
Project("{FAE04EC0-301F-11D3-BF4B-00C04F79EFBC}") = "PodcastUtilities", "PodcastUtilities\PodcastUtilities.csproj", "{BB8BACD4-65A2-4C69-81CF-E9B6C6D081FA}"
EndProject
Global
	GlobalSection(SolutionConfigurationPlatforms) = preSolution
		Debug|Any CPU = Debug|Any CPU
		Release|Any CPU = Release|Any CPU
	EndGlobalSection
	GlobalSection(ProjectConfigurationPlatforms) = postSolution
		{6FC1878F-E74A-4136-BBC1-8DB0BA513309}.Debug|Any CPU.ActiveCfg = Debug|Any CPU
		{6FC1878F-E74A-4136-BBC1-8DB0BA513309}.Debug|Any CPU.Build.0 = Debug|Any CPU
		{6FC1878F-E74A-4136-BBC1-8DB0BA513309}.Release|Any CPU.ActiveCfg = Release|Any CPU
		{6FC1878F-E74A-4136-BBC1-8DB0BA513309}.Release|Any CPU.Build.0 = Release|Any CPU
		{BB8BACD4-65A2-4C69-81CF-E9B6C6D081FA}.Debug|Any CPU.ActiveCfg = Debug|Any CPU
		{BB8BACD4-65A2-4C69-81CF-E9B6C6D081FA}.Debug|Any CPU.Build.0 = Debug|Any CPU
		{BB8BACD4-65A2-4C69-81CF-E9B6C6D081FA}.Debug|Any CPU.Deploy.0 = Debug|Any CPU
		{BB8BACD4-65A2-4C69-81CF-E9B6C6D081FA}.Release|Any CPU.ActiveCfg = Release|Any CPU
		{BB8BACD4-65A2-4C69-81CF-E9B6C6D081FA}.Release|Any CPU.Build.0 = Release|Any CPU
		{BB8BACD4-65A2-4C69-81CF-E9B6C6D081FA}.Release|Any CPU.Deploy.0 = Release|Any CPU
	EndGlobalSection
	GlobalSection(SolutionProperties) = preSolution
		HideSolutionNode = FALSE
	EndGlobalSection
	GlobalSection(ExtensibilityGlobals) = postSolution
		SolutionGuid = {1F038D85-8B2A-45A1-8B52-7FCAE0C09BCE}
	EndGlobalSection
EndGlobal
